Microsoft Visual Studio Solution File, Format Version 11.00
# Visual Studio 2008

Project("{17704746-DCA5-E91F-602A-DD3FDFC7CA3E}") = "PortraitToLandscapeExample", "Assembly-CSharp.csproj", "{7808B406-1F96-849F-B238-48C2212AC983}"
EndProject
Global
	GlobalSection(SolutionConfigurationPlatforms) = preSolution
		Debug|Any CPU = Debug|Any CPU
		Release|Any CPU = Release|Any CPU
	EndGlobalSection
	GlobalSection(ProjectConfigurationPlatforms) = postSolution
		{7808B406-1F96-849F-B238-48C2212AC983}.Debug|Any CPU.ActiveCfg = Debug|Any CPU
		{7808B406-1F96-849F-B238-48C2212AC983}.Debug|Any CPU.Build.0 = Debug|Any CPU
		{7808B406-1F96-849F-B238-48C2212AC983}.Release|Any CPU.ActiveCfg = Release|Any CPU
		{7808B406-1F96-849F-B238-48C2212AC983}.Release|Any CPU.Build.0 = Release|Any CPU
	EndGlobalSection
	GlobalSection(SolutionProperties) = preSolution
		HideSolutionNode = FALSE
	EndGlobalSection
	GlobalSection(MonoDevelopProperties) = preSolution
		StartupItem = Assembly-CSharp.csproj
	EndGlobalSection
EndGlobal
